
Microsoft Visual Studio Solution File, Format Version 12.00
# Visual Studio 15
VisualStudioVersion = 15.0.28010.2036
MinimumVisualStudioVersion = 10.0.40219.1
Project("{FAE04EC0-301F-11D3-BF4B-00C04F79EFBC}") = "ChatClientWpf", "ChatClientWpf\ChatClientWpf.csproj", "{C074FF28-1FA5-404F-93F8-D6E810A7B234}"
EndProject
Global
	GlobalSection(SolutionConfigurationPlatforms) = preSolution
		Debug|Any CPU = Debug|Any CPU
		Release|Any CPU = Release|Any CPU
	EndGlobalSection
	GlobalSection(ProjectConfigurationPlatforms) = postSolution
		{C074FF28-1FA5-404F-93F8-D6E810A7B234}.Debug|Any CPU.ActiveCfg = Debug|Any CPU
		{C074FF28-1FA5-404F-93F8-D6E810A7B234}.Debug|Any CPU.Build.0 = Debug|Any CPU
		{C074FF28-1FA5-404F-93F8-D6E810A7B234}.Release|Any CPU.ActiveCfg = Release|Any CPU
		{C074FF28-1FA5-404F-93F8-D6E810A7B234}.Release|Any CPU.Build.0 = Release|Any CPU
	EndGlobalSection
	GlobalSection(SolutionProperties) = preSolution
		HideSolutionNode = FALSE
	EndGlobalSection
	GlobalSection(ExtensibilityGlobals) = postSolution
		SolutionGuid = {4E6A1BBA-7B22-49A1-AC1E-C2EC5FF8A33C}
	EndGlobalSection
EndGlobal
