
Microsoft Visual Studio Solution File, Format Version 12.00
# Visual Studio 15
VisualStudioVersion = 15.0.28010.2036
MinimumVisualStudioVersion = 10.0.40219.1
Project("{FAE04EC0-301F-11D3-BF4B-00C04F79EFBC}") = "CompFirma", "CompFirma\CompFirma.csproj", "{3BB544FC-230A-4D31-869A-A0F782F4F06A}"
EndProject
Global
	GlobalSection(SolutionConfigurationPlatforms) = preSolution
		Debug|Any CPU = Debug|Any CPU
		Release|Any CPU = Release|Any CPU
	EndGlobalSection
	GlobalSection(ProjectConfigurationPlatforms) = postSolution
		{3BB544FC-230A-4D31-869A-A0F782F4F06A}.Debug|Any CPU.ActiveCfg = Debug|Any CPU
		{3BB544FC-230A-4D31-869A-A0F782F4F06A}.Debug|Any CPU.Build.0 = Debug|Any CPU
		{3BB544FC-230A-4D31-869A-A0F782F4F06A}.Release|Any CPU.ActiveCfg = Release|Any CPU
		{3BB544FC-230A-4D31-869A-A0F782F4F06A}.Release|Any CPU.Build.0 = Release|Any CPU
	EndGlobalSection
	GlobalSection(SolutionProperties) = preSolution
		HideSolutionNode = FALSE
	EndGlobalSection
	GlobalSection(ExtensibilityGlobals) = postSolution
		SolutionGuid = {3C112F44-5BBC-40BE-9DF3-06ECF7FD101C}
	EndGlobalSection
EndGlobal
