
Microsoft Visual Studio Solution File, Format Version 12.00
# Visual Studio 15
VisualStudioVersion = 15.0.28010.2036
MinimumVisualStudioVersion = 10.0.40219.1
Project("{FAE04EC0-301F-11D3-BF4B-00C04F79EFBC}") = "Unsafe", "UnsafeCode\Unsafe.csproj", "{DE876B06-D2F0-4F31-8CD2-AC71774905D2}"
EndProject
Project("{FAE04EC0-301F-11D3-BF4B-00C04F79EFBC}") = "Operations", "Operations\Operations.csproj", "{63191F85-B497-4CA0-B6A2-02FBFCA07C34}"
EndProject
Global
	GlobalSection(SolutionConfigurationPlatforms) = preSolution
		Debug|Any CPU = Debug|Any CPU
		Release|Any CPU = Release|Any CPU
	EndGlobalSection
	GlobalSection(ProjectConfigurationPlatforms) = postSolution
		{DE876B06-D2F0-4F31-8CD2-AC71774905D2}.Debug|Any CPU.ActiveCfg = Debug|Any CPU
		{DE876B06-D2F0-4F31-8CD2-AC71774905D2}.Debug|Any CPU.Build.0 = Debug|Any CPU
		{DE876B06-D2F0-4F31-8CD2-AC71774905D2}.Release|Any CPU.ActiveCfg = Release|Any CPU
		{DE876B06-D2F0-4F31-8CD2-AC71774905D2}.Release|Any CPU.Build.0 = Release|Any CPU
		{63191F85-B497-4CA0-B6A2-02FBFCA07C34}.Debug|Any CPU.ActiveCfg = Debug|Any CPU
		{63191F85-B497-4CA0-B6A2-02FBFCA07C34}.Debug|Any CPU.Build.0 = Debug|Any CPU
		{63191F85-B497-4CA0-B6A2-02FBFCA07C34}.Release|Any CPU.ActiveCfg = Release|Any CPU
		{63191F85-B497-4CA0-B6A2-02FBFCA07C34}.Release|Any CPU.Build.0 = Release|Any CPU
	EndGlobalSection
	GlobalSection(SolutionProperties) = preSolution
		HideSolutionNode = FALSE
	EndGlobalSection
	GlobalSection(ExtensibilityGlobals) = postSolution
		SolutionGuid = {ED83B46F-94C8-4386-ADC0-97E7C35F7C05}
	EndGlobalSection
EndGlobal
