
Microsoft Visual Studio Solution File, Format Version 12.00
# Visual Studio 15
VisualStudioVersion = 15.0.28010.2036
MinimumVisualStudioVersion = 10.0.40219.1
Project("{FAE04EC0-301F-11D3-BF4B-00C04F79EFBC}") = "Unsafe", "UnsafeCode\Unsafe.csproj", "{DE876B06-D2F0-4F31-8CD2-AC71774905D2}"
EndProject
Project("{FAE04EC0-301F-11D3-BF4B-00C04F79EFBC}") = "Operations", "Operations\Operations.csproj", "{63191F85-B497-4CA0-B6A2-02FBFCA07C34}"
EndProject
Project("{FAE04EC0-301F-11D3-BF4B-00C04F79EFBC}") = "Pointers", "Pointers\Pointers.csproj", "{80635C23-0185-424D-9CE4-77990B2E53EF}"
EndProject
Project("{FAE04EC0-301F-11D3-BF4B-00C04F79EFBC}") = "PointersOnType", "PointersOnType\PointersOnType.csproj", "{8B869CDB-48E8-4380-AEF6-F5F8894AA5DD}"
EndProject
Project("{FAE04EC0-301F-11D3-BF4B-00C04F79EFBC}") = "PointersOnArrayAndStacalloc", "PointersOnArrayAndStacalloc\PointersOnArrayAndStacalloc.csproj", "{99CE9F6D-3329-4124-B2FE-20878984D172}"
EndProject
Project("{FAE04EC0-301F-11D3-BF4B-00C04F79EFBC}") = "Fixed", "Fixed\Fixed.csproj", "{15D922AE-37BD-4992-B0FC-C7A474670550}"
EndProject
Global
	GlobalSection(SolutionConfigurationPlatforms) = preSolution
		Debug|Any CPU = Debug|Any CPU
		Release|Any CPU = Release|Any CPU
	EndGlobalSection
	GlobalSection(ProjectConfigurationPlatforms) = postSolution
		{DE876B06-D2F0-4F31-8CD2-AC71774905D2}.Debug|Any CPU.ActiveCfg = Debug|Any CPU
		{DE876B06-D2F0-4F31-8CD2-AC71774905D2}.Debug|Any CPU.Build.0 = Debug|Any CPU
		{DE876B06-D2F0-4F31-8CD2-AC71774905D2}.Release|Any CPU.ActiveCfg = Release|Any CPU
		{DE876B06-D2F0-4F31-8CD2-AC71774905D2}.Release|Any CPU.Build.0 = Release|Any CPU
		{63191F85-B497-4CA0-B6A2-02FBFCA07C34}.Debug|Any CPU.ActiveCfg = Debug|Any CPU
		{63191F85-B497-4CA0-B6A2-02FBFCA07C34}.Debug|Any CPU.Build.0 = Debug|Any CPU
		{63191F85-B497-4CA0-B6A2-02FBFCA07C34}.Release|Any CPU.ActiveCfg = Release|Any CPU
		{63191F85-B497-4CA0-B6A2-02FBFCA07C34}.Release|Any CPU.Build.0 = Release|Any CPU
		{80635C23-0185-424D-9CE4-77990B2E53EF}.Debug|Any CPU.ActiveCfg = Debug|Any CPU
		{80635C23-0185-424D-9CE4-77990B2E53EF}.Debug|Any CPU.Build.0 = Debug|Any CPU
		{80635C23-0185-424D-9CE4-77990B2E53EF}.Release|Any CPU.ActiveCfg = Release|Any CPU
		{80635C23-0185-424D-9CE4-77990B2E53EF}.Release|Any CPU.Build.0 = Release|Any CPU
		{8B869CDB-48E8-4380-AEF6-F5F8894AA5DD}.Debug|Any CPU.ActiveCfg = Debug|Any CPU
		{8B869CDB-48E8-4380-AEF6-F5F8894AA5DD}.Debug|Any CPU.Build.0 = Debug|Any CPU
		{8B869CDB-48E8-4380-AEF6-F5F8894AA5DD}.Release|Any CPU.ActiveCfg = Release|Any CPU
		{8B869CDB-48E8-4380-AEF6-F5F8894AA5DD}.Release|Any CPU.Build.0 = Release|Any CPU
		{99CE9F6D-3329-4124-B2FE-20878984D172}.Debug|Any CPU.ActiveCfg = Debug|Any CPU
		{99CE9F6D-3329-4124-B2FE-20878984D172}.Debug|Any CPU.Build.0 = Debug|Any CPU
		{99CE9F6D-3329-4124-B2FE-20878984D172}.Release|Any CPU.ActiveCfg = Release|Any CPU
		{99CE9F6D-3329-4124-B2FE-20878984D172}.Release|Any CPU.Build.0 = Release|Any CPU
		{15D922AE-37BD-4992-B0FC-C7A474670550}.Debug|Any CPU.ActiveCfg = Debug|Any CPU
		{15D922AE-37BD-4992-B0FC-C7A474670550}.Debug|Any CPU.Build.0 = Debug|Any CPU
		{15D922AE-37BD-4992-B0FC-C7A474670550}.Release|Any CPU.ActiveCfg = Release|Any CPU
		{15D922AE-37BD-4992-B0FC-C7A474670550}.Release|Any CPU.Build.0 = Release|Any CPU
	EndGlobalSection
	GlobalSection(SolutionProperties) = preSolution
		HideSolutionNode = FALSE
	EndGlobalSection
	GlobalSection(ExtensibilityGlobals) = postSolution
		SolutionGuid = {ED83B46F-94C8-4386-ADC0-97E7C35F7C05}
	EndGlobalSection
EndGlobal
