
Microsoft Visual Studio Solution File, Format Version 12.00
# Visual Studio 15
VisualStudioVersion = 15.0.28010.2036
MinimumVisualStudioVersion = 10.0.40219.1
Project("{FAE04EC0-301F-11D3-BF4B-00C04F79EFBC}") = "SocketClient", "SocketClient\SocketClient.csproj", "{99F9B142-E651-40C8-B4C7-4B7F0A819555}"
EndProject
Global
	GlobalSection(SolutionConfigurationPlatforms) = preSolution
		Debug|Any CPU = Debug|Any CPU
		Release|Any CPU = Release|Any CPU
	EndGlobalSection
	GlobalSection(ProjectConfigurationPlatforms) = postSolution
		{99F9B142-E651-40C8-B4C7-4B7F0A819555}.Debug|Any CPU.ActiveCfg = Debug|Any CPU
		{99F9B142-E651-40C8-B4C7-4B7F0A819555}.Debug|Any CPU.Build.0 = Debug|Any CPU
		{99F9B142-E651-40C8-B4C7-4B7F0A819555}.Release|Any CPU.ActiveCfg = Release|Any CPU
		{99F9B142-E651-40C8-B4C7-4B7F0A819555}.Release|Any CPU.Build.0 = Release|Any CPU
	EndGlobalSection
	GlobalSection(SolutionProperties) = preSolution
		HideSolutionNode = FALSE
	EndGlobalSection
	GlobalSection(ExtensibilityGlobals) = postSolution
		SolutionGuid = {9C4E8116-8506-44C3-BB54-BC35CDA5C19F}
	EndGlobalSection
EndGlobal
